
Microsoft Visual Studio Solution File, Format Version 12.00
# Visual Studio Version 17
VisualStudioVersion = 17.11.35208.52
MinimumVisualStudioVersion = 10.0.40219.1
Project("{FAE04EC0-301F-11D3-BF4B-00C04F79EFBC}") = "AbadExamenP2", "AbadExamenP2\AbadExamenP2.csproj", "{39927BF6-1F99-4C8F-8936-13DEA746DCFA}"
EndProject
Global
	GlobalSection(SolutionConfigurationPlatforms) = preSolution
		Debug|Any CPU = Debug|Any CPU
		Release|Any CPU = Release|Any CPU
	EndGlobalSection
	GlobalSection(ProjectConfigurationPlatforms) = postSolution
		{39927BF6-1F99-4C8F-8936-13DEA746DCFA}.Debug|Any CPU.ActiveCfg = Debug|Any CPU
		{39927BF6-1F99-4C8F-8936-13DEA746DCFA}.Debug|Any CPU.Build.0 = Debug|Any CPU
		{39927BF6-1F99-4C8F-8936-13DEA746DCFA}.Debug|Any CPU.Deploy.0 = Debug|Any CPU
		{39927BF6-1F99-4C8F-8936-13DEA746DCFA}.Release|Any CPU.ActiveCfg = Release|Any CPU
		{39927BF6-1F99-4C8F-8936-13DEA746DCFA}.Release|Any CPU.Build.0 = Release|Any CPU
		{39927BF6-1F99-4C8F-8936-13DEA746DCFA}.Release|Any CPU.Deploy.0 = Release|Any CPU
	EndGlobalSection
	GlobalSection(SolutionProperties) = preSolution
		HideSolutionNode = FALSE
	EndGlobalSection
	GlobalSection(ExtensibilityGlobals) = postSolution
		SolutionGuid = {89060E08-2723-44F8-8005-202551F5E6AC}
	EndGlobalSection
EndGlobal
